
Microsoft Visual Studio Solution File, Format Version 12.00
# Visual Studio 15
VisualStudioVersion = 15.0.26430.16
MinimumVisualStudioVersion = 10.0.40219.1
Project("{2150E333-8FDC-42A3-9474-1A3956D46DE8}") = "Solution Items", "Solution Items", "{B215BE8B-A924-4856-ACD3-FC2647CD55BE}"
	ProjectSection(SolutionItems) = preProject
		Local.testsettings = Local.testsettings
		Performance10.psess = Performance10.psess
		Performance8.psess = Performance8.psess
		Performance9.psess = Performance9.psess
		TraceAndTestImpact.testsettings = TraceAndTestImpact.testsettings
		TrilingualDictionary.vsmdi = TrilingualDictionary.vsmdi
	EndProjectSection
EndProject
Project("{FAE04EC0-301F-11D3-BF4B-00C04F79EFBC}") = "TrilingualDictionaryCore", "TrilingualDictionaryCore\TrilingualDictionaryCore.csproj", "{F5F3BD35-F0C9-4A76-B400-86D3382311E5}"
EndProject
Project("{FAE04EC0-301F-11D3-BF4B-00C04F79EFBC}") = "TrilingualDictionaryCoreTest", "TrilingualDictionaryCoreTest\TrilingualDictionaryCoreTest.csproj", "{A6FF05E8-B977-46FC-9320-D558C0D4C240}"
EndProject
Project("{FAE04EC0-301F-11D3-BF4B-00C04F79EFBC}") = "TrilingualUI", "TrilingualUI\TrilingualUI.csproj", "{52586BE3-EE43-4476-9C19-722642060FDD}"
EndProject
Project("{FAE04EC0-301F-11D3-BF4B-00C04F79EFBC}") = "TrilingualDictionaryViewModel", "TrilingualDictionaryViewModel\TrilingualDictionaryViewModel.csproj", "{76A88C7F-71F1-4C5B-8663-34A4DF3801E5}"
EndProject
Project("{FAE04EC0-301F-11D3-BF4B-00C04F79EFBC}") = "MultiDictionaryCore", "MultiDictionaryCore\MultiDictionaryCore.csproj", "{889D9238-D266-4B0B-8C0E-EEE277AE1DF9}"
EndProject
Project("{FAE04EC0-301F-11D3-BF4B-00C04F79EFBC}") = "MultiDictionaryCore.Test", "MultiDictionaryCore.Test\MultiDictionaryCore.Test.csproj", "{B2760102-C266-4697-91E7-04081BDE35A2}"
	ProjectSection(ProjectDependencies) = postProject
		{889D9238-D266-4B0B-8C0E-EEE277AE1DF9} = {889D9238-D266-4B0B-8C0E-EEE277AE1DF9}
	EndProjectSection
EndProject
Project("{FAE04EC0-301F-11D3-BF4B-00C04F79EFBC}") = "MultiDictionaryViewModel", "MultiDictionaryViewModel\MultiDictionaryViewModel.csproj", "{61B7C5D4-221E-424E-9D28-1FDE291BCDF3}"
EndProject
Project("{FAE04EC0-301F-11D3-BF4B-00C04F79EFBC}") = "MultilingualDictionary", "MultilingualDictionary\MultilingualDictionary.csproj", "{5EC3F9E2-C306-4B70-A576-1078022CB579}"
EndProject
Project("{FAE04EC0-301F-11D3-BF4B-00C04F79EFBC}") = "EnglishTranslationsCollector", "EnglishTranslationsCollector\EnglishTranslationsCollector.csproj", "{04BEA891-F38B-4BB0-9AA4-CC8F5E1FF005}"
EndProject
Global
	GlobalSection(SolutionConfigurationPlatforms) = preSolution
		Debug|Any CPU = Debug|Any CPU
		Release|Any CPU = Release|Any CPU
	EndGlobalSection
	GlobalSection(ProjectConfigurationPlatforms) = postSolution
		{F5F3BD35-F0C9-4A76-B400-86D3382311E5}.Debug|Any CPU.ActiveCfg = Debug|Any CPU
		{F5F3BD35-F0C9-4A76-B400-86D3382311E5}.Debug|Any CPU.Build.0 = Debug|Any CPU
		{F5F3BD35-F0C9-4A76-B400-86D3382311E5}.Release|Any CPU.ActiveCfg = Release|Any CPU
		{F5F3BD35-F0C9-4A76-B400-86D3382311E5}.Release|Any CPU.Build.0 = Release|Any CPU
		{A6FF05E8-B977-46FC-9320-D558C0D4C240}.Debug|Any CPU.ActiveCfg = Debug|Any CPU
		{A6FF05E8-B977-46FC-9320-D558C0D4C240}.Debug|Any CPU.Build.0 = Debug|Any CPU
		{A6FF05E8-B977-46FC-9320-D558C0D4C240}.Release|Any CPU.ActiveCfg = Release|Any CPU
		{A6FF05E8-B977-46FC-9320-D558C0D4C240}.Release|Any CPU.Build.0 = Release|Any CPU
		{52586BE3-EE43-4476-9C19-722642060FDD}.Debug|Any CPU.ActiveCfg = Debug|Any CPU
		{52586BE3-EE43-4476-9C19-722642060FDD}.Debug|Any CPU.Build.0 = Debug|Any CPU
		{52586BE3-EE43-4476-9C19-722642060FDD}.Release|Any CPU.ActiveCfg = Release|Any CPU
		{52586BE3-EE43-4476-9C19-722642060FDD}.Release|Any CPU.Build.0 = Release|Any CPU
		{76A88C7F-71F1-4C5B-8663-34A4DF3801E5}.Debug|Any CPU.ActiveCfg = Debug|Any CPU
		{76A88C7F-71F1-4C5B-8663-34A4DF3801E5}.Debug|Any CPU.Build.0 = Debug|Any CPU
		{76A88C7F-71F1-4C5B-8663-34A4DF3801E5}.Release|Any CPU.ActiveCfg = Release|Any CPU
		{76A88C7F-71F1-4C5B-8663-34A4DF3801E5}.Release|Any CPU.Build.0 = Release|Any CPU
		{889D9238-D266-4B0B-8C0E-EEE277AE1DF9}.Debug|Any CPU.ActiveCfg = Debug|Any CPU
		{889D9238-D266-4B0B-8C0E-EEE277AE1DF9}.Debug|Any CPU.Build.0 = Debug|Any CPU
		{889D9238-D266-4B0B-8C0E-EEE277AE1DF9}.Release|Any CPU.ActiveCfg = Release|Any CPU
		{889D9238-D266-4B0B-8C0E-EEE277AE1DF9}.Release|Any CPU.Build.0 = Release|Any CPU
		{B2760102-C266-4697-91E7-04081BDE35A2}.Debug|Any CPU.ActiveCfg = Debug|Any CPU
		{B2760102-C266-4697-91E7-04081BDE35A2}.Debug|Any CPU.Build.0 = Debug|Any CPU
		{B2760102-C266-4697-91E7-04081BDE35A2}.Release|Any CPU.ActiveCfg = Release|Any CPU
		{B2760102-C266-4697-91E7-04081BDE35A2}.Release|Any CPU.Build.0 = Release|Any CPU
		{61B7C5D4-221E-424E-9D28-1FDE291BCDF3}.Debug|Any CPU.ActiveCfg = Debug|Any CPU
		{61B7C5D4-221E-424E-9D28-1FDE291BCDF3}.Debug|Any CPU.Build.0 = Debug|Any CPU
		{61B7C5D4-221E-424E-9D28-1FDE291BCDF3}.Release|Any CPU.ActiveCfg = Release|Any CPU
		{61B7C5D4-221E-424E-9D28-1FDE291BCDF3}.Release|Any CPU.Build.0 = Release|Any CPU
		{5EC3F9E2-C306-4B70-A576-1078022CB579}.Debug|Any CPU.ActiveCfg = Debug|Any CPU
		{5EC3F9E2-C306-4B70-A576-1078022CB579}.Debug|Any CPU.Build.0 = Debug|Any CPU
		{5EC3F9E2-C306-4B70-A576-1078022CB579}.Release|Any CPU.ActiveCfg = Release|Any CPU
		{5EC3F9E2-C306-4B70-A576-1078022CB579}.Release|Any CPU.Build.0 = Release|Any CPU
		{04BEA891-F38B-4BB0-9AA4-CC8F5E1FF005}.Debug|Any CPU.ActiveCfg = Debug|Any CPU
		{04BEA891-F38B-4BB0-9AA4-CC8F5E1FF005}.Debug|Any CPU.Build.0 = Debug|Any CPU
		{04BEA891-F38B-4BB0-9AA4-CC8F5E1FF005}.Release|Any CPU.ActiveCfg = Release|Any CPU
		{04BEA891-F38B-4BB0-9AA4-CC8F5E1FF005}.Release|Any CPU.Build.0 = Release|Any CPU
	EndGlobalSection
	GlobalSection(SolutionProperties) = preSolution
		HideSolutionNode = FALSE
	EndGlobalSection
	GlobalSection(Performance) = preSolution
		HasPerformanceSessions = true
	EndGlobalSection
	GlobalSection(TestCaseManagementSettings) = postSolution
		CategoryFile = TrilingualDictionary.vsmdi
	EndGlobalSection
EndGlobal
